
Microsoft Visual Studio Solution File, Format Version 12.00
# Visual Studio Version 17
VisualStudioVersion = 17.5.002.0
MinimumVisualStudioVersion = 10.0.40219.1
Project("{9A19103F-16F7-4668-BE54-9A1E7A4F7556}") = "simpleProject", "simpleProject.csproj", "{8C3EE4A9-D159-4DF7-8363-2F8BB8498F79}"
EndProject
Project("{9A19103F-16F7-4668-BE54-9A1E7A4F7556}") = "Infrastructure", "Infrastructure\Infrastructure.csproj", "{B3189E58-5083-4D68-8552-4597FE7B21CE}"
EndProject
Global
	GlobalSection(SolutionConfigurationPlatforms) = preSolution
		Debug|Any CPU = Debug|Any CPU
		Release|Any CPU = Release|Any CPU
	EndGlobalSection
	GlobalSection(ProjectConfigurationPlatforms) = postSolution
		{8C3EE4A9-D159-4DF7-8363-2F8BB8498F79}.Debug|Any CPU.ActiveCfg = Debug|Any CPU
		{8C3EE4A9-D159-4DF7-8363-2F8BB8498F79}.Debug|Any CPU.Build.0 = Debug|Any CPU
		{8C3EE4A9-D159-4DF7-8363-2F8BB8498F79}.Release|Any CPU.ActiveCfg = Release|Any CPU
		{8C3EE4A9-D159-4DF7-8363-2F8BB8498F79}.Release|Any CPU.Build.0 = Release|Any CPU
		{B3189E58-5083-4D68-8552-4597FE7B21CE}.Debug|Any CPU.ActiveCfg = Debug|Any CPU
		{B3189E58-5083-4D68-8552-4597FE7B21CE}.Debug|Any CPU.Build.0 = Debug|Any CPU
		{B3189E58-5083-4D68-8552-4597FE7B21CE}.Release|Any CPU.ActiveCfg = Release|Any CPU
		{B3189E58-5083-4D68-8552-4597FE7B21CE}.Release|Any CPU.Build.0 = Release|Any CPU
	EndGlobalSection
	GlobalSection(SolutionProperties) = preSolution
		HideSolutionNode = FALSE
	EndGlobalSection
	GlobalSection(ExtensibilityGlobals) = postSolution
		SolutionGuid = {6FFCB391-4447-4B5E-9716-72C317D84D52}
	EndGlobalSection
EndGlobal
